PODS:
  - Flutter (1.0.0)
  - flutter_screenguard (0.0.1):
    - Flutter
    - SDWebImage (~> 5.19.4)
  - integration_test (0.0.1):
    - Flutter
  - path_provider_foundation (0.0.1):
    - Flutter
    - FlutterMacOS
  - SDWebImage (5.19.4):
    - SDWebImage/Core (= 5.19.4)
  - SDWebImage/Core (5.19.4)

DEPENDENCIES:
  - Flutter (from `Flutter`)
  - flutter_screenguard (from `.symlinks/plugins/flutter_screenguard/ios`)
  - integration_test (from `.symlinks/plugins/integration_test/ios`)
  - path_provider_foundation (from `.symlinks/plugins/path_provider_foundation/darwin`)

SPEC REPOS:
  trunk:
    - SDWebImage

EXTERNAL SOURCES:
  Flutter:
    :path: Flutter
  flutter_screenguard:
    :path: ".symlinks/plugins/flutter_screenguard/ios"
  integration_test:
    :path: ".symlinks/plugins/integration_test/ios"
  path_provider_foundation:
    :path: ".symlinks/plugins/path_provider_foundation/darwin"

SPEC CHECKSUMS:
  Flutter: e0871f40cf51350855a761d2e70bf5af5b9b5de7
  flutter_screenguard: 218d6856c3a35cdfe6558cb44e4cdbfd36b71aa2
  integration_test: 4a889634ef21a45d28d50d622cf412dc6d9f586e
  path_provider_foundation: 080d55be775b7414fd5a5ef3ac137b97b097e564
  SDWebImage: 066c47b573f408f18caa467d71deace7c0f8280d

PODFILE CHECKSUM: 53fbd470ffce33c8a8e0e3fc9b60c65429d53005

COCOAPODS: 1.16.2
